// !$*UTF8*$!
{
	archiveVersion = 1;
	classes = {
	};
	objectVersion = 50;
	objects = {

/* Begin PBXBuildFile section */
		4D4C58DC243F719B00BD21BD /* LikeButton.swift in Sources */ = {isa = PBXBuildFile; fileRef = 4D4C58DB243F719B00BD21BD /* LikeButton.swift */; };
		4D74DC0B243DE86500ED85A1 /* GradientLoginFormView.swift in Sources */ = {isa = PBXBuildFile; fileRef = 4D74DC0A243DE86500ED85A1 /* GradientLoginFormView.swift */; };
		4D74DC0D243DF53100ED85A1 /* ShadowView.swift in Sources */ = {isa = PBXBuildFile; fileRef = 4D74DC0C243DF53100ED85A1 /* ShadowView.swift */; };
		4D999641244CF8D000FD61AF /* NewsTableController.swift in Sources */ = {isa = PBXBuildFile; fileRef = 4D999640244CF8D000FD61AF /* NewsTableController.swift */; };
		4D999643244CF94100FD61AF /* NewsCell.swift in Sources */ = {isa = PBXBuildFile; fileRef = 4D999642244CF94100FD61AF /* NewsCell.swift */; };
		4D999648244CFF2D00FD61AF /* FriendNews.swift in Sources */ = {isa = PBXBuildFile; fileRef = 4D999647244CFF2D00FD61AF /* FriendNews.swift */; };
		4DE3E973242B705200A51AFC /* AppDelegate.swift in Sources */ = {isa = PBXBuildFile; fileRef = 4DE3E972242B705200A51AFC /* AppDelegate.swift */; };
		4DE3E975242B705200A51AFC /* SceneDelegate.swift in Sources */ = {isa = PBXBuildFile; fileRef = 4DE3E974242B705200A51AFC /* SceneDelegate.swift */; };
		4DE3E977242B705200A51AFC /* LoginController.swift in Sources */ = {isa = PBXBuildFile; fileRef = 4DE3E976242B705200A51AFC /* LoginController.swift */; };
		4DE3E97A242B705200A51AFC /* Main.storyboard in Resources */ = {isa = PBXBuildFile; fileRef = 4DE3E978242B705200A51AFC /* Main.storyboard */; };
		4DE3E97C242B705600A51AFC /* Assets.xcassets in Resources */ = {isa = PBXBuildFile; fileRef = 4DE3E97B242B705600A51AFC /* Assets.xcassets */; };
		4DE3E97F242B705600A51AFC /* LaunchScreen.storyboard in Resources */ = {isa = PBXBuildFile; fileRef = 4DE3E97D242B705600A51AFC /* LaunchScreen.storyboard */; };
		4DE3E9872436031E00A51AFC /* FriendListTableController.swift in Sources */ = {isa = PBXBuildFile; fileRef = 4DE3E9862436031E00A51AFC /* FriendListTableController.swift */; };
		4DE3E98924372C9F00A51AFC /* FriendListCell.swift in Sources */ = {isa = PBXBuildFile; fileRef = 4DE3E98824372C9F00A51AFC /* FriendListCell.swift */; };
		4DE3E98B24377A2100A51AFC /* User.swift in Sources */ = {isa = PBXBuildFile; fileRef = 4DE3E98A24377A2100A51AFC /* User.swift */; };
		4DE3E98D243793C800A51AFC /* FriendPhotoCollectionController.swift in Sources */ = {isa = PBXBuildFile; fileRef = 4DE3E98C243793C800A51AFC /* FriendPhotoCollectionController.swift */; };
		4DE3E98F243794AC00A51AFC /* FriendPhotoCell.swift in Sources */ = {isa = PBXBuildFile; fileRef = 4DE3E98E243794AC00A51AFC /* FriendPhotoCell.swift */; };
		4DE3E9932437E6D300A51AFC /* MyCommunityTableController.swift in Sources */ = {isa = PBXBuildFile; fileRef = 4DE3E9922437E6D300A51AFC /* MyCommunityTableController.swift */; };
		4DE3E9952437E72700A51AFC /* MyCommunityCell.swift in Sources */ = {isa = PBXBuildFile; fileRef = 4DE3E9942437E72700A51AFC /* MyCommunityCell.swift */; };
		4DE3E9972437E8EB00A51AFC /* Community.swift in Sources */ = {isa = PBXBuildFile; fileRef = 4DE3E9962437E8EB00A51AFC /* Community.swift */; };
		4DE3E99D2437FB3600A51AFC /* SearchCommunityTableController.swift in Sources */ = {isa = PBXBuildFile; fileRef = 4DE3E99C2437FB3600A51AFC /* SearchCommunityTableController.swift */; };
		4DE3E99F2437FB9900A51AFC /* SearchComminityCell.swift in Sources */ = {isa = PBXBuildFile; fileRef = 4DE3E99E2437FB9900A51AFC /* SearchComminityCell.swift */; };
/* End PBXBuildFile section */

/* Begin PBXFileReference section */
		4D4C58DB243F719B00BD21BD /* LikeButton.swift */ = {isa = PBXFileReference; lastKnownFileType = sourcecode.swift; path = LikeButton.swift; sourceTree = "<group>"; };
		4D74DC0A243DE86500ED85A1 /* GradientLoginFormView.swift */ = {isa = PBXFileReference; lastKnownFileType = sourcecode.swift; path = GradientLoginFormView.swift; sourceTree = "<group>"; };
		4D74DC0C243DF53100ED85A1 /* ShadowView.swift */ = {isa = PBXFileReference; lastKnownFileType = sourcecode.swift; path = ShadowView.swift; sourceTree = "<group>"; };
		4D999640244CF8D000FD61AF /* NewsTableController.swift */ = {isa = PBXFileReference; lastKnownFileType = sourcecode.swift; path = NewsTableController.swift; sourceTree = "<group>"; };
		4D999642244CF94100FD61AF /* NewsCell.swift */ = {isa = PBXFileReference; lastKnownFileType = sourcecode.swift; path = NewsCell.swift; sourceTree = "<group>"; };
		4D999647244CFF2D00FD61AF /* FriendNews.swift */ = {isa = PBXFileReference; lastKnownFileType = sourcecode.swift; path = FriendNews.swift; sourceTree = "<group>"; };
		4DE3E96F242B705200A51AFC /* vkApp.app */ = {isa = PBXFileReference; explicitFileType = wrapper.application; includeInIndex = 0; path = vkApp.app; sourceTree = BUILT_PRODUCTS_DIR; };
		4DE3E972242B705200A51AFC /* AppDelegate.swift */ = {isa = PBXFileReference; lastKnownFileType = sourcecode.swift; path = AppDelegate.swift; sourceTree = "<group>"; };
		4DE3E974242B705200A51AFC /* SceneDelegate.swift */ = {isa = PBXFileReference; lastKnownFileType = sourcecode.swift; path = SceneDelegate.swift; sourceTree = "<group>"; };
		4DE3E976242B705200A51AFC /* LoginController.swift */ = {isa = PBXFileReference; lastKnownFileType = sourcecode.swift; path = LoginController.swift; sourceTree = "<group>"; };
		4DE3E979242B705200A51AFC /* Base */ = {isa = PBXFileReference; lastKnownFileType = file.storyboard; name = Base; path = Base.lproj/Main.storyboard; sourceTree = "<group>"; };
		4DE3E97B242B705600A51AFC /* Assets.xcassets */ = {isa = PBXFileReference; lastKnownFileType = folder.assetcatalog; path = Assets.xcassets; sourceTree = "<group>"; };
		4DE3E97E242B705600A51AFC /* Base */ = {isa = PBXFileReference; lastKnownFileType = file.storyboard; name = Base; path = Base.lproj/LaunchScreen.storyboard; sourceTree = "<group>"; };
		4DE3E980242B705600A51AFC /* Info.plist */ = {isa = PBXFileReference; lastKnownFileType = text.plist.xml; path = Info.plist; sourceTree = "<group>"; };
		4DE3E9862436031E00A51AFC /* FriendListTableController.swift */ = {isa = PBXFileReference; lastKnownFileType = sourcecode.swift; path = FriendListTableController.swift; sourceTree = "<group>"; };
		4DE3E98824372C9F00A51AFC /* FriendListCell.swift */ = {isa = PBXFileReference; lastKnownFileType = sourcecode.swift; path = FriendListCell.swift; sourceTree = "<group>"; };
		4DE3E98A24377A2100A51AFC /* User.swift */ = {isa = PBXFileReference; lastKnownFileType = sourcecode.swift; path = User.swift; sourceTree = "<group>"; };
		4DE3E98C243793C800A51AFC /* FriendPhotoCollectionController.swift */ = {isa = PBXFileReference; lastKnownFileType = sourcecode.swift; path = FriendPhotoCollectionController.swift; sourceTree = "<group>"; };
		4DE3E98E243794AC00A51AFC /* FriendPhotoCell.swift */ = {isa = PBXFileReference; lastKnownFileType = sourcecode.swift; path = FriendPhotoCell.swift; sourceTree = "<group>"; };
		4DE3E9922437E6D300A51AFC /* MyCommunityTableController.swift */ = {isa = PBXFileReference; lastKnownFileType = sourcecode.swift; path = MyCommunityTableController.swift; sourceTree = "<group>"; };
		4DE3E9942437E72700A51AFC /* MyCommunityCell.swift */ = {isa = PBXFileReference; lastKnownFileType = sourcecode.swift; path = MyCommunityCell.swift; sourceTree = "<group>"; };
		4DE3E9962437E8EB00A51AFC /* Community.swift */ = {isa = PBXFileReference; lastKnownFileType = sourcecode.swift; path = Community.swift; sourceTree = "<group>"; };
		4DE3E99C2437FB3600A51AFC /* SearchCommunityTableController.swift */ = {isa = PBXFileReference; lastKnownFileType = sourcecode.swift; path = SearchCommunityTableController.swift; sourceTree = "<group>"; };
		4DE3E99E2437FB9900A51AFC /* SearchComminityCell.swift */ = {isa = PBXFileReference; lastKnownFileType = sourcecode.swift; path = SearchComminityCell.swift; sourceTree = "<group>"; };
/* End PBXFileReference section */

/* Begin PBXFrameworksBuildPhase section */
		4DE3E96C242B705200A51AFC /* Frameworks */ = {
			isa = PBXFrameworksBuildPhase;
			buildActionMask = 2147483647;
			files = (
			);
			runOnlyForDeploymentPostprocessing = 0;
		};
/* End PBXFrameworksBuildPhase section */

/* Begin PBXGroup section */
		4D74DC0E243DF54300ED85A1 /* New Group */ = {
			isa = PBXGroup;
			children = (
				4DE3E974242B705200A51AFC /* SceneDelegate.swift */,
				4DE3E972242B705200A51AFC /* AppDelegate.swift */,
			);
			path = "New Group";
			sourceTree = "<group>";
		};
		4D999644244CF95300FD61AF /* FriendList */ = {
			isa = PBXGroup;
			children = (
				4DE3E9862436031E00A51AFC /* FriendListTableController.swift */,
				4DE3E98824372C9F00A51AFC /* FriendListCell.swift */,
			);
			path = FriendList;
			sourceTree = "<group>";
		};
		4D999645244CFA1C00FD61AF /* News */ = {
			isa = PBXGroup;
			children = (
				4D999640244CF8D000FD61AF /* NewsTableController.swift */,
				4D999642244CF94100FD61AF /* NewsCell.swift */,
				4D999647244CFF2D00FD61AF /* FriendNews.swift */,
			);
			path = News;
			sourceTree = "<group>";
		};
		4D999646244CFA5100FD61AF /* Custom */ = {
			isa = PBXGroup;
			children = (
				4D74DC0A243DE86500ED85A1 /* GradientLoginFormView.swift */,
				4D74DC0C243DF53100ED85A1 /* ShadowView.swift */,
				4D4C58DB243F719B00BD21BD /* LikeButton.swift */,
			);
			path = Custom;
			sourceTree = "<group>";
		};
		4DE3E966242B705200A51AFC = {
			isa = PBXGroup;
			children = (
				4DE3E971242B705200A51AFC /* vkApp */,
				4DE3E970242B705200A51AFC /* Products */,
			);
			sourceTree = "<group>";
		};
		4DE3E970242B705200A51AFC /* Products */ = {
			isa = PBXGroup;
			children = (
				4DE3E96F242B705200A51AFC /* vkApp.app */,
			);
			name = Products;
			sourceTree = "<group>";
		};
		4DE3E971242B705200A51AFC /* vkApp */ = {
			isa = PBXGroup;
			children = (
				4D74DC0E243DF54300ED85A1 /* New Group */,
				4DE3E978242B705200A51AFC /* Main.storyboard */,
				4D999645244CFA1C00FD61AF /* News */,
				4DE3E99A2437EA5000A51AFC /* FriendPhoto */,
				4D999644244CF95300FD61AF /* FriendList */,
				4DE3E9912437A01800A51AFC /* MyCommunity */,
				4DE3E9992437EA0C00A51AFC /* SearchCommunity */,
				4D999646244CFA5100FD61AF /* Custom */,
				4DE3E976242B705200A51AFC /* LoginController.swift */,
				4DE3E9982437E95D00A51AFC /* Struct */,
				4DE3E97B242B705600A51AFC /* Assets.xcassets */,
				4DE3E97D242B705600A51AFC /* LaunchScreen.storyboard */,
				4DE3E980242B705600A51AFC /* Info.plist */,
			);
			path = vkApp;
			sourceTree = "<group>";
		};
		4DE3E9912437A01800A51AFC /* MyCommunity */ = {
			isa = PBXGroup;
			children = (
				4DE3E9922437E6D300A51AFC /* MyCommunityTableController.swift */,
				4DE3E9942437E72700A51AFC /* MyCommunityCell.swift */,
			);
			path = MyCommunity;
			sourceTree = "<group>";
		};
		4DE3E9982437E95D00A51AFC /* Struct */ = {
			isa = PBXGroup;
			children = (
				4DE3E9962437E8EB00A51AFC /* Community.swift */,
				4DE3E98A24377A2100A51AFC /* User.swift */,
			);
			path = Struct;
			sourceTree = "<group>";
		};
		4DE3E9992437EA0C00A51AFC /* SearchCommunity */ = {
			isa = PBXGroup;
			children = (
				4DE3E99C2437FB3600A51AFC /* SearchCommunityTableController.swift */,
				4DE3E99E2437FB9900A51AFC /* SearchComminityCell.swift */,
			);
			path = SearchCommunity;
			sourceTree = "<group>";
		};
		4DE3E99A2437EA5000A51AFC /* FriendPhoto */ = {
			isa = PBXGroup;
			children = (
				4DE3E98C243793C800A51AFC /* FriendPhotoCollectionController.swift */,
				4DE3E98E243794AC00A51AFC /* FriendPhotoCell.swift */,
			);
			path = FriendPhoto;
			sourceTree = "<group>";
		};
/* End PBXGroup section */

/* Begin PBXNativeTarget section */
		4DE3E96E242B705200A51AFC /* vkApp */ = {
			isa = PBXNativeTarget;
			buildConfigurationList = 4DE3E983242B705600A51AFC /* Build configuration list for PBXNativeTarget "vkApp" */;
			buildPhases = (
				4DE3E96B242B705200A51AFC /* Sources */,
				4DE3E96C242B705200A51AFC /* Frameworks */,
				4DE3E96D242B705200A51AFC /* Resources */,
			);
			buildRules = (
			);
			dependencies = (
			);
			name = vkApp;
			productName = vkApp;
			productReference = 4DE3E96F242B705200A51AFC /* vkApp.app */;
			productType = "com.apple.product-type.application";
		};
/* End PBXNativeTarget section */

/* Begin PBXProject section */
		4DE3E967242B705200A51AFC /* Project object */ = {
			isa = PBXProject;
			attributes = {
				LastSwiftUpdateCheck = 1130;
				LastUpgradeCheck = 1130;
				ORGANIZATIONNAME = "@NkitaAnanev";
				TargetAttributes = {
					4DE3E96E242B705200A51AFC = {
						CreatedOnToolsVersion = 11.3.1;
					};
				};
			};
			buildConfigurationList = 4DE3E96A242B705200A51AFC /* Build configuration list for PBXProject "vkApp" */;
			compatibilityVersion = "Xcode 9.3";
			developmentRegion = en;
			hasScannedForEncodings = 0;
			knownRegions = (
				en,
				Base,
			);
			mainGroup = 4DE3E966242B705200A51AFC;
			productRefGroup = 4DE3E970242B705200A51AFC /* Products */;
			projectDirPath = "";
			projectRoot = "";
			targets = (
				4DE3E96E242B705200A51AFC /* vkApp */,
			);
		};
/* End PBXProject section */

/* Begin PBXResourcesBuildPhase section */
		4DE3E96D242B705200A51AFC /* Resources */ = {
			isa = PBXResourcesBuildPhase;
			buildActionMask = 2147483647;
			files = (
				4DE3E97F242B705600A51AFC /* LaunchScreen.storyboard in Resources */,
				4DE3E97C242B705600A51AFC /* Assets.xcassets in Resources */,
				4DE3E97A242B705200A51AFC /* Main.storyboard in Resources */,
			);
			runOnlyForDeploymentPostprocessing = 0;
		};
/* End PBXResourcesBuildPhase section */

/* Begin PBXSourcesBuildPhase section */
		4DE3E96B242B705200A51AFC /* Sources */ = {
			isa = PBXSourcesBuildPhase;
			buildActionMask = 2147483647;
			files = (
				4DE3E977242B705200A51AFC /* LoginController.swift in Sources */,
				4DE3E9952437E72700A51AFC /* MyCommunityCell.swift in Sources */,
				4DE3E9872436031E00A51AFC /* FriendListTableController.swift in Sources */,
				4DE3E98F243794AC00A51AFC /* FriendPhotoCell.swift in Sources */,
				4DE3E98B24377A2100A51AFC /* User.swift in Sources */,
				4D999648244CFF2D00FD61AF /* FriendNews.swift in Sources */,
				4D999641244CF8D000FD61AF /* NewsTableController.swift in Sources */,
				4DE3E98924372C9F00A51AFC /* FriendListCell.swift in Sources */,
				4D74DC0B243DE86500ED85A1 /* GradientLoginFormView.swift in Sources */,
				4DE3E99F2437FB9900A51AFC /* SearchComminityCell.swift in Sources */,
				4DE3E99D2437FB3600A51AFC /* SearchCommunityTableController.swift in Sources */,
				4D999643244CF94100FD61AF /* NewsCell.swift in Sources */,
				4D74DC0D243DF53100ED85A1 /* ShadowView.swift in Sources */,
				4DE3E9932437E6D300A51AFC /* MyCommunityTableController.swift in Sources */,
				4DE3E973242B705200A51AFC /* AppDelegate.swift in Sources */,
				4D4C58DC243F719B00BD21BD /* LikeButton.swift in Sources */,
				4DE3E975242B705200A51AFC /* SceneDelegate.swift in Sources */,
				4DE3E9972437E8EB00A51AFC /* Community.swift in Sources */,
				4DE3E98D243793C800A51AFC /* FriendPhotoCollectionController.swift in Sources */,
			);
			runOnlyForDeploymentPostprocessing = 0;
		};
/* End PBXSourcesBuildPhase section */

/* Begin PBXVariantGroup section */
		4DE3E978242B705200A51AFC /* Main.storyboard */ = {
			isa = PBXVariantGroup;
			children = (
				4DE3E979242B705200A51AFC /* Base */,
			);
			name = Main.storyboard;
			sourceTree = "<group>";
		};
		4DE3E97D242B705600A51AFC /* LaunchScreen.storyboard */ = {
			isa = PBXVariantGroup;
			children = (
				4DE3E97E242B705600A51AFC /* Base */,
			);
			name = LaunchScreen.storyboard;
			sourceTree = "<group>";
		};
/* End PBXVariantGroup section */

/* Begin XCBuildConfiguration section */
		4DE3E981242B705600A51AFC /* Debug */ = {
			isa = XCBuildConfiguration;
			buildSettings = {
				ALWAYS_SEARCH_USER_PATHS = NO;
				CLANG_ANALYZER_NONNULL = YES;
				CLANG_ANALYZER_NUMBER_OBJECT_CONVERSION = YES_AGGRESSIVE;
				CLANG_CXX_LANGUAGE_STANDARD = "gnu++14";
				CLANG_CXX_LIBRARY = "libc++";
				CLANG_ENABLE_MODULES = YES;
				CLANG_ENABLE_OBJC_ARC = YES;
				CLANG_ENABLE_OBJC_WEAK = YES;
				CLANG_WARN_BLOCK_CAPTURE_AUTORELEASING = YES;
				CLANG_WARN_BOOL_CONVERSION = YES;
				CLANG_WARN_COMMA = YES;
				CLANG_WARN_CONSTANT_CONVERSION = YES;
				CLANG_WARN_DEPRECATED_OBJC_IMPLEMENTATIONS = YES;
				CLANG_WARN_DIRECT_OBJC_ISA_USAGE = YES_ERROR;
				CLANG_WARN_DOCUMENTATION_COMMENTS = YES;
				CLANG_WARN_EMPTY_BODY = YES;
				CLANG_WARN_ENUM_CONVERSION = YES;
				CLANG_WARN_INFINITE_RECURSION = YES;
				CLANG_WARN_INT_CONVERSION = YES;
				CLANG_WARN_NON_LITERAL_NULL_CONVERSION = YES;
				CLANG_WARN_OBJC_IMPLICIT_RETAIN_SELF = YES;
				CLANG_WARN_OBJC_LITERAL_CONVERSION = YES;
				CLANG_WARN_OBJC_ROOT_CLASS = YES_ERROR;
				CLANG_WARN_RANGE_LOOP_ANALYSIS = YES;
				CLANG_WARN_STRICT_PROTOTYPES = YES;
				CLANG_WARN_SUSPICIOUS_MOVE = YES;
				CLANG_WARN_UNGUARDED_AVAILABILITY = YES_AGGRESSIVE;
				CLANG_WARN_UNREACHABLE_CODE = YES;
				CLANG_WARN__DUPLICATE_METHOD_MATCH = YES;
				COPY_PHASE_STRIP = NO;
				DEBUG_INFORMATION_FORMAT = dwarf;
				ENABLE_STRICT_OBJC_MSGSEND = YES;
				ENABLE_TESTABILITY = YES;
				GCC_C_LANGUAGE_STANDARD = gnu11;
				GCC_DYNAMIC_NO_PIC = NO;
				GCC_NO_COMMON_BLOCKS = YES;
				GCC_OPTIMIZATION_LEVEL = 0;
				GCC_PREPROCESSOR_DEFINITIONS = (
					"DEBUG=1",
					"$(inherited)",
				);
				GCC_WARN_64_TO_32_BIT_CONVERSION = YES;
				GCC_WARN_ABOUT_RETURN_TYPE = YES_ERROR;
				GCC_WARN_UNDECLARED_SELECTOR = YES;
				GCC_WARN_UNINITIALIZED_AUTOS = YES_AGGRESSIVE;
				GCC_WARN_UNUSED_FUNCTION = YES;
				GCC_WARN_UNUSED_VARIABLE = YES;
				IPHONEOS_DEPLOYMENT_TARGET = 13.2;
				MTL_ENABLE_DEBUG_INFO = INCLUDE_SOURCE;
				MTL_FAST_MATH = YES;
				ONLY_ACTIVE_ARCH = YES;
				SDKROOT = iphoneos;
				SWIFT_ACTIVE_COMPILATION_CONDITIONS = DEBUG;
				SWIFT_OPTIMIZATION_LEVEL = "-Onone";
			};
			name = Debug;
		};
		4DE3E982242B705600A51AFC /* Release */ = {
			isa = XCBuildConfiguration;
			buildSettings = {
				ALWAYS_SEARCH_USER_PATHS = NO;
				CLANG_ANALYZER_NONNULL = YES;
				CLANG_ANALYZER_NUMBER_OBJECT_CONVERSION = YES_AGGRESSIVE;
				CLANG_CXX_LANGUAGE_STANDARD = "gnu++14";
				CLANG_CXX_LIBRARY = "libc++";
				CLANG_ENABLE_MODULES = YES;
				CLANG_ENABLE_OBJC_ARC = YES;
				CLANG_ENABLE_OBJC_WEAK = YES;
				CLANG_WARN_BLOCK_CAPTURE_AUTORELEASING = YES;
				CLANG_WARN_BOOL_CONVERSION = YES;
				CLANG_WARN_COMMA = YES;
				CLANG_WARN_CONSTANT_CONVERSION = YES;
				CLANG_WARN_DEPRECATED_OBJC_IMPLEMENTATIONS = YES;
				CLANG_WARN_DIRECT_OBJC_ISA_USAGE = YES_ERROR;
				CLANG_WARN_DOCUMENTATION_COMMENTS = YES;
				CLANG_WARN_EMPTY_BODY = YES;
				CLANG_WARN_ENUM_CONVERSION = YES;
				CLANG_WARN_INFINITE_RECURSION = YES;
				CLANG_WARN_INT_CONVERSION = YES;
				CLANG_WARN_NON_LITERAL_NULL_CONVERSION = YES;
				CLANG_WARN_OBJC_IMPLICIT_RETAIN_SELF = YES;
				CLANG_WARN_OBJC_LITERAL_CONVERSION = YES;
				CLANG_WARN_OBJC_ROOT_CLASS = YES_ERROR;
				CLANG_WARN_RANGE_LOOP_ANALYSIS = YES;
				CLANG_WARN_STRICT_PROTOTYPES = YES;
				CLANG_WARN_SUSPICIOUS_MOVE = YES;
				CLANG_WARN_UNGUARDED_AVAILABILITY = YES_AGGRESSIVE;
				CLANG_WARN_UNREACHABLE_CODE = YES;
				CLANG_WARN__DUPLICATE_METHOD_MATCH = YES;
				COPY_PHASE_STRIP = NO;
				DEBUG_INFORMATION_FORMAT = "dwarf-with-dsym";
				ENABLE_NS_ASSERTIONS = NO;
				ENABLE_STRICT_OBJC_MSGSEND = YES;
				GCC_C_LANGUAGE_STANDARD = gnu11;
				GCC_NO_COMMON_BLOCKS = YES;
				GCC_WARN_64_TO_32_BIT_CONVERSION = YES;
				GCC_WARN_ABOUT_RETURN_TYPE = YES_ERROR;
				GCC_WARN_UNDECLARED_SELECTOR = YES;
				GCC_WARN_UNINITIALIZED_AUTOS = YES_AGGRESSIVE;
				GCC_WARN_UNUSED_FUNCTION = YES;
				GCC_WARN_UNUSED_VARIABLE = YES;
				IPHONEOS_DEPLOYMENT_TARGET = 13.2;
				MTL_ENABLE_DEBUG_INFO = NO;
				MTL_FAST_MATH = YES;
				SDKROOT = iphoneos;
				SWIFT_COMPILATION_MODE = wholemodule;
				SWIFT_OPTIMIZATION_LEVEL = "-O";
				VALIDATE_PRODUCT = YES;
			};
			name = Release;
		};
		4DE3E984242B705600A51AFC /* Debug */ = {
			isa = XCBuildConfiguration;
			buildSettings = {
				ASSETCATALOG_COMPILER_APPICON_NAME = AppIcon;
				CODE_SIGN_IDENTITY = "Apple Development";
				CODE_SIGN_STYLE = Automatic;
				DEVELOPMENT_TEAM = MPT7MF7F47;
				INFOPLIST_FILE = vkApp/Info.plist;
				LD_RUNPATH_SEARCH_PATHS = (
					"$(inherited)",
					"@executable_path/Frameworks",
				);
				PRODUCT_BUNDLE_IDENTIFIER = Ananev.vkApp;
				PRODUCT_NAME = "$(TARGET_NAME)";
				PROVISIONING_PROFILE_SPECIFIER = "";
				SWIFT_VERSION = 5.0;
				TARGETED_DEVICE_FAMILY = "1,2";
			};
			name = Debug;
		};
		4DE3E985242B705600A51AFC /* Release */ = {
			isa = XCBuildConfiguration;
			buildSettings = {
				ASSETCATALOG_COMPILER_APPICON_NAME = AppIcon;
				CODE_SIGN_IDENTITY = "Apple Development";
				CODE_SIGN_STYLE = Automatic;
				DEVELOPMENT_TEAM = MPT7MF7F47;
				INFOPLIST_FILE = vkApp/Info.plist;
				LD_RUNPATH_SEARCH_PATHS = (
					"$(inherited)",
					"@executable_path/Frameworks",
				);
				PRODUCT_BUNDLE_IDENTIFIER = Ananev.vkApp;
				PRODUCT_NAME = "$(TARGET_NAME)";
				PROVISIONING_PROFILE_SPECIFIER = "";
				SWIFT_VERSION = 5.0;
				TARGETED_DEVICE_FAMILY = "1,2";
			};
			name = Release;
		};
/* End XCBuildConfiguration section */

/* Begin XCConfigurationList section */
		4DE3E96A242B705200A51AFC /* Build configuration list for PBXProject "vkApp" */ = {
			isa = XCConfigurationList;
			buildConfigurations = (
				4DE3E981242B705600A51AFC /* Debug */,
				4DE3E982242B705600A51AFC /* Release */,
			);
			defaultConfigurationIsVisible = 0;
			defaultConfigurationName = Release;
		};
		4DE3E983242B705600A51AFC /* Build configuration list for PBXNativeTarget "vkApp" */ = {
			isa = XCConfigurationList;
			buildConfigurations = (
				4DE3E984242B705600A51AFC /* Debug */,
				4DE3E985242B705600A51AFC /* Release */,
			);
			defaultConfigurationIsVisible = 0;
			defaultConfigurationName = Release;
		};
/* End XCConfigurationList section */
	};
	rootObject = 4DE3E967242B705200A51AFC /* Project object */;
}
